
Microsoft Visual Studio Solution File, Format Version 12.00
# Visual Studio Version 17
VisualStudioVersion = 17.4.33122.133
MinimumVisualStudioVersion = 10.0.40219.1
Project("{FAE04EC0-301F-11D3-BF4B-00C04F79EFBC}") = "DoAn", "DoAn\DoAn.csproj", "{CE7B409F-0E17-455F-BAE7-F7A65A411151}"
EndProject
Global
	GlobalSection(SolutionConfigurationPlatforms) = preSolution
		Debug|Any CPU = Debug|Any CPU
		Release|Any CPU = Release|Any CPU
	EndGlobalSection
	GlobalSection(ProjectConfigurationPlatforms) = postSolution
		{CE7B409F-0E17-455F-BAE7-F7A65A411151}.Debug|Any CPU.ActiveCfg = Debug|Any CPU
		{CE7B409F-0E17-455F-BAE7-F7A65A411151}.Debug|Any CPU.Build.0 = Debug|Any CPU
		{CE7B409F-0E17-455F-BAE7-F7A65A411151}.Release|Any CPU.ActiveCfg = Release|Any CPU
		{CE7B409F-0E17-455F-BAE7-F7A65A411151}.Release|Any CPU.Build.0 = Release|Any CPU
	EndGlobalSection
	GlobalSection(SolutionProperties) = preSolution
		HideSolutionNode = FALSE
	EndGlobalSection
	GlobalSection(ExtensibilityGlobals) = postSolution
		SolutionGuid = {2E94691B-B55D-4D89-8643-870266590230}
	EndGlobalSection
EndGlobal
